
Microsoft Visual Studio Solution File, Format Version 12.00
# Visual Studio Version 17
VisualStudioVersion = 17.5.33516.290
MinimumVisualStudioVersion = 10.0.40219.1
Project("{FAE04EC0-301F-11D3-BF4B-00C04F79EFBC}") = "API", "API\API.csproj", "{7354C121-D456-4C20-B99F-702D07488B10}"
EndProject
Project("{FAE04EC0-301F-11D3-BF4B-00C04F79EFBC}") = "BLL", "BLL\BLL.csproj", "{A5C8CC4A-97C8-4150-B612-938B39919598}"
EndProject
Project("{FAE04EC0-301F-11D3-BF4B-00C04F79EFBC}") = "DAL", "DAL\DAL.csproj", "{837996D1-18D4-4B68-80E9-4574F84A4B48}"
EndProject
Global
	GlobalSection(SolutionConfigurationPlatforms) = preSolution
		Debug|Any CPU = Debug|Any CPU
		Release|Any CPU = Release|Any CPU
	EndGlobalSection
	GlobalSection(ProjectConfigurationPlatforms) = postSolution
		{7354C121-D456-4C20-B99F-702D07488B10}.Debug|Any CPU.ActiveCfg = Debug|Any CPU
		{7354C121-D456-4C20-B99F-702D07488B10}.Debug|Any CPU.Build.0 = Debug|Any CPU
		{7354C121-D456-4C20-B99F-702D07488B10}.Release|Any CPU.ActiveCfg = Release|Any CPU
		{7354C121-D456-4C20-B99F-702D07488B10}.Release|Any CPU.Build.0 = Release|Any CPU
		{A5C8CC4A-97C8-4150-B612-938B39919598}.Debug|Any CPU.ActiveCfg = Debug|Any CPU
		{A5C8CC4A-97C8-4150-B612-938B39919598}.Debug|Any CPU.Build.0 = Debug|Any CPU
		{A5C8CC4A-97C8-4150-B612-938B39919598}.Release|Any CPU.ActiveCfg = Release|Any CPU
		{A5C8CC4A-97C8-4150-B612-938B39919598}.Release|Any CPU.Build.0 = Release|Any CPU
		{837996D1-18D4-4B68-80E9-4574F84A4B48}.Debug|Any CPU.ActiveCfg = Debug|Any CPU
		{837996D1-18D4-4B68-80E9-4574F84A4B48}.Debug|Any CPU.Build.0 = Debug|Any CPU
		{837996D1-18D4-4B68-80E9-4574F84A4B48}.Release|Any CPU.ActiveCfg = Release|Any CPU
		{837996D1-18D4-4B68-80E9-4574F84A4B48}.Release|Any CPU.Build.0 = Release|Any CPU
	EndGlobalSection
	GlobalSection(SolutionProperties) = preSolution
		HideSolutionNode = FALSE
	EndGlobalSection
	GlobalSection(ExtensibilityGlobals) = postSolution
		SolutionGuid = {E3B329B0-34DE-4445-A9EF-EA19E1B7ED51}
	EndGlobalSection
EndGlobal
